
Microsoft Visual Studio Solution File, Format Version 12.00
# Visual Studio 15
VisualStudioVersion = 15.0.28010.2050
MinimumVisualStudioVersion = 10.0.40219.1
Project("{FAE04EC0-301F-11D3-BF4B-00C04F79EFBC}") = "justdoit.Android", "justdoit\justdoit.Android\justdoit.Android.csproj", "{BCCCE3DC-808E-4860-82FD-A9669C126CF6}"
EndProject
Project("{FAE04EC0-301F-11D3-BF4B-00C04F79EFBC}") = "justdoit", "justdoit\justdoit\justdoit.csproj", "{576A951F-3693-4740-AF6E-ABF2735551BF}"
EndProject
Global
	GlobalSection(SolutionConfigurationPlatforms) = preSolution
		Debug|Any CPU = Debug|Any CPU
		Release|Any CPU = Release|Any CPU
	EndGlobalSection
	GlobalSection(ProjectConfigurationPlatforms) = postSolution
		{BCCCE3DC-808E-4860-82FD-A9669C126CF6}.Debug|Any CPU.ActiveCfg = Debug|Any CPU
		{BCCCE3DC-808E-4860-82FD-A9669C126CF6}.Debug|Any CPU.Build.0 = Debug|Any CPU
		{BCCCE3DC-808E-4860-82FD-A9669C126CF6}.Debug|Any CPU.Deploy.0 = Debug|Any CPU
		{BCCCE3DC-808E-4860-82FD-A9669C126CF6}.Release|Any CPU.ActiveCfg = Release|Any CPU
		{BCCCE3DC-808E-4860-82FD-A9669C126CF6}.Release|Any CPU.Build.0 = Release|Any CPU
		{BCCCE3DC-808E-4860-82FD-A9669C126CF6}.Release|Any CPU.Deploy.0 = Release|Any CPU
		{576A951F-3693-4740-AF6E-ABF2735551BF}.Debug|Any CPU.ActiveCfg = Debug|Any CPU
		{576A951F-3693-4740-AF6E-ABF2735551BF}.Debug|Any CPU.Build.0 = Debug|Any CPU
		{576A951F-3693-4740-AF6E-ABF2735551BF}.Debug|Any CPU.Deploy.0 = Debug|Any CPU
		{576A951F-3693-4740-AF6E-ABF2735551BF}.Release|Any CPU.ActiveCfg = Release|Any CPU
		{576A951F-3693-4740-AF6E-ABF2735551BF}.Release|Any CPU.Build.0 = Release|Any CPU
		{576A951F-3693-4740-AF6E-ABF2735551BF}.Release|Any CPU.Deploy.0 = Release|Any CPU
	EndGlobalSection
	GlobalSection(SolutionProperties) = preSolution
		HideSolutionNode = FALSE
	EndGlobalSection
	GlobalSection(ExtensibilityGlobals) = postSolution
		SolutionGuid = {54D7936D-422D-4F6F-925B-56D299CD14A2}
	EndGlobalSection
EndGlobal
